
Microsoft Visual Studio Solution File, Format Version 12.00
# Visual Studio Version 16
VisualStudioVersion = 16.0.29613.14
MinimumVisualStudioVersion = 10.0.40219.1
Project("{FAE04EC0-301F-11D3-BF4B-00C04F79EFBC}") = "Driving_Lessons_Manager", "TASHTIT_ANDROID_PROJECT\Driving_Lessons_Manager.csproj", "{0A4F5616-DD67-4B5E-87C1-CC255C204B2B}"
EndProject
Project("{FAE04EC0-301F-11D3-BF4B-00C04F79EFBC}") = "DAL", "DAL\DAL.csproj", "{379EFCB8-9BCF-421F-8434-63098D282EFB}"
EndProject
Project("{FAE04EC0-301F-11D3-BF4B-00C04F79EFBC}") = "HELPER", "HELPER\HELPER.csproj", "{439D9F0F-7663-4680-973D-5A919FE35982}"
EndProject
Project("{FAE04EC0-301F-11D3-BF4B-00C04F79EFBC}") = "MODEL", "MODEL\MODEL.csproj", "{48C980D3-7616-415B-9B39-DE9EB08C2FA4}"
EndProject
Global
	GlobalSection(SolutionConfigurationPlatforms) = preSolution
		Debug|Any CPU = Debug|Any CPU
		Release|Any CPU = Release|Any CPU
	EndGlobalSection
	GlobalSection(ProjectConfigurationPlatforms) = postSolution
		{0A4F5616-DD67-4B5E-87C1-CC255C204B2B}.Debug|Any CPU.ActiveCfg = Debug|Any CPU
		{0A4F5616-DD67-4B5E-87C1-CC255C204B2B}.Debug|Any CPU.Build.0 = Debug|Any CPU
		{0A4F5616-DD67-4B5E-87C1-CC255C204B2B}.Debug|Any CPU.Deploy.0 = Debug|Any CPU
		{0A4F5616-DD67-4B5E-87C1-CC255C204B2B}.Release|Any CPU.ActiveCfg = Release|Any CPU
		{0A4F5616-DD67-4B5E-87C1-CC255C204B2B}.Release|Any CPU.Build.0 = Release|Any CPU
		{0A4F5616-DD67-4B5E-87C1-CC255C204B2B}.Release|Any CPU.Deploy.0 = Release|Any CPU
		{379EFCB8-9BCF-421F-8434-63098D282EFB}.Debug|Any CPU.ActiveCfg = Debug|Any CPU
		{379EFCB8-9BCF-421F-8434-63098D282EFB}.Debug|Any CPU.Build.0 = Debug|Any CPU
		{379EFCB8-9BCF-421F-8434-63098D282EFB}.Release|Any CPU.ActiveCfg = Release|Any CPU
		{379EFCB8-9BCF-421F-8434-63098D282EFB}.Release|Any CPU.Build.0 = Release|Any CPU
		{439D9F0F-7663-4680-973D-5A919FE35982}.Debug|Any CPU.ActiveCfg = Debug|Any CPU
		{439D9F0F-7663-4680-973D-5A919FE35982}.Debug|Any CPU.Build.0 = Debug|Any CPU
		{439D9F0F-7663-4680-973D-5A919FE35982}.Release|Any CPU.ActiveCfg = Release|Any CPU
		{439D9F0F-7663-4680-973D-5A919FE35982}.Release|Any CPU.Build.0 = Release|Any CPU
		{48C980D3-7616-415B-9B39-DE9EB08C2FA4}.Debug|Any CPU.ActiveCfg = Debug|Any CPU
		{48C980D3-7616-415B-9B39-DE9EB08C2FA4}.Debug|Any CPU.Build.0 = Debug|Any CPU
		{48C980D3-7616-415B-9B39-DE9EB08C2FA4}.Release|Any CPU.ActiveCfg = Release|Any CPU
		{48C980D3-7616-415B-9B39-DE9EB08C2FA4}.Release|Any CPU.Build.0 = Release|Any CPU
	EndGlobalSection
	GlobalSection(SolutionProperties) = preSolution
		HideSolutionNode = FALSE
	EndGlobalSection
	GlobalSection(ExtensibilityGlobals) = postSolution
		SolutionGuid = {C74B14ED-8AD7-4515-9E0A-DD6D79D29D64}
	EndGlobalSection
EndGlobal
